
Microsoft Visual Studio Solution File, Format Version 12.00
# Visual Studio Version 17
VisualStudioVersion = 17.4.33213.308
MinimumVisualStudioVersion = 10.0.40219.1
Project("{9A19103F-16F7-4668-BE54-9A1E7A4F7556}") = "MartianTrail", "MartianTrail\MartianTrail.csproj", "{73A7AFCD-8FC5-4BED-8E47-214DC3C37B40}"
EndProject
Project("{FAE04EC0-301F-11D3-BF4B-00C04F79EFBC}") = "OtherStuff", "OtherStuff\OtherStuff.csproj", "{E027131C-BCBF-4FA7-9FC0-4F610CF71A4C}"
EndProject
Global
	GlobalSection(SolutionConfigurationPlatforms) = preSolution
		Debug|Any CPU = Debug|Any CPU
		Release|Any CPU = Release|Any CPU
	EndGlobalSection
	GlobalSection(ProjectConfigurationPlatforms) = postSolution
		{73A7AFCD-8FC5-4BED-8E47-214DC3C37B40}.Debug|Any CPU.ActiveCfg = Debug|Any CPU
		{73A7AFCD-8FC5-4BED-8E47-214DC3C37B40}.Debug|Any CPU.Build.0 = Debug|Any CPU
		{73A7AFCD-8FC5-4BED-8E47-214DC3C37B40}.Release|Any CPU.ActiveCfg = Release|Any CPU
		{73A7AFCD-8FC5-4BED-8E47-214DC3C37B40}.Release|Any CPU.Build.0 = Release|Any CPU
		{E027131C-BCBF-4FA7-9FC0-4F610CF71A4C}.Debug|Any CPU.ActiveCfg = Debug|Any CPU
		{E027131C-BCBF-4FA7-9FC0-4F610CF71A4C}.Debug|Any CPU.Build.0 = Debug|Any CPU
		{E027131C-BCBF-4FA7-9FC0-4F610CF71A4C}.Release|Any CPU.ActiveCfg = Release|Any CPU
		{E027131C-BCBF-4FA7-9FC0-4F610CF71A4C}.Release|Any CPU.Build.0 = Release|Any CPU
	EndGlobalSection
	GlobalSection(SolutionProperties) = preSolution
		HideSolutionNode = FALSE
	EndGlobalSection
	GlobalSection(ExtensibilityGlobals) = postSolution
		SolutionGuid = {42A77A10-F45C-433F-A2DE-DE67053884B0}
	EndGlobalSection
EndGlobal
